// !$*UTF8*$!
{
	archiveVersion = 1;
	classes = {
	};
	objectVersion = 50;
	objects = {

/* Begin PBXBuildFile section */
		07928DF22276140200A695E9 /* LoginViewController.swift in Sources */ = {isa = PBXBuildFile; fileRef = 07928DF12276140200A695E9 /* LoginViewController.swift */; };
		07928DF422762B8A00A695E9 /* NewUserViewController.swift in Sources */ = {isa = PBXBuildFile; fileRef = 07928DF322762B8A00A695E9 /* NewUserViewController.swift */; };
		07D3F9E2227BD32B00F655AC /* MyActivityIndicator.swift in Sources */ = {isa = PBXBuildFile; fileRef = 07D3F9E1227BD32A00F655AC /* MyActivityIndicator.swift */; };
		24A7CD27226262B400F6E7A3 /* AppDelegate.swift in Sources */ = {isa = PBXBuildFile; fileRef = 24A7CD26226262B400F6E7A3 /* AppDelegate.swift */; };
		24A7CD29226262B400F6E7A3 /* MemoryViewController.swift in Sources */ = {isa = PBXBuildFile; fileRef = 24A7CD28226262B400F6E7A3 /* MemoryViewController.swift */; };
		24A7CD2C226262B400F6E7A3 /* Main.storyboard in Resources */ = {isa = PBXBuildFile; fileRef = 24A7CD2A226262B400F6E7A3 /* Main.storyboard */; };
		24A7CD2E226262B600F6E7A3 /* Assets.xcassets in Resources */ = {isa = PBXBuildFile; fileRef = 24A7CD2D226262B600F6E7A3 /* Assets.xcassets */; };
		24A7CD31226262B600F6E7A3 /* LaunchScreen.storyboard in Resources */ = {isa = PBXBuildFile; fileRef = 24A7CD2F226262B600F6E7A3 /* LaunchScreen.storyboard */; };
		24A7CD3C226262B600F6E7A3 /* MemoriesTests.swift in Sources */ = {isa = PBXBuildFile; fileRef = 24A7CD3B226262B600F6E7A3 /* MemoriesTests.swift */; };
		24CA30512262AAF200DC7132 /* Memory.swift in Sources */ = {isa = PBXBuildFile; fileRef = 24CA30502262AAF200DC7132 /* Memory.swift */; };
		24CA30572263B09E00DC7132 /* MemoryTableViewCell.swift in Sources */ = {isa = PBXBuildFile; fileRef = 24CA30562263B09E00DC7132 /* MemoryTableViewCell.swift */; };
		24CA30592263B6F400DC7132 /* MemoryTableViewController.swift in Sources */ = {isa = PBXBuildFile; fileRef = 24CA30582263B6F400DC7132 /* MemoryTableViewController.swift */; };
/* End PBXBuildFile section */

/* Begin PBXContainerItemProxy section */
		24A7CD38226262B600F6E7A3 /* PBXContainerItemProxy */ = {
			isa = PBXContainerItemProxy;
			containerPortal = 24A7CD1B226262B400F6E7A3 /* Project object */;
			proxyType = 1;
			remoteGlobalIDString = 24A7CD22226262B400F6E7A3;
			remoteInfo = Contacts;
		};
/* End PBXContainerItemProxy section */

/* Begin PBXFileReference section */
		07928DEF2276046D00A695E9 /* Memories.app */ = {isa = PBXFileReference; explicitFileType = wrapper.application; includeInIndex = 0; path = Memories.app; sourceTree = BUILT_PRODUCTS_DIR; };
		07928DF02276046D00A695E9 /* MemoriesTests.xctest */ = {isa = PBXFileReference; explicitFileType = wrapper.cfbundle; includeInIndex = 0; path = MemoriesTests.xctest; sourceTree = BUILT_PRODUCTS_DIR; };
		07928DF12276140200A695E9 /* LoginViewController.swift */ = {isa = PBXFileReference; lastKnownFileType = sourcecode.swift; path = LoginViewController.swift; sourceTree = "<group>"; };
		07928DF322762B8A00A695E9 /* NewUserViewController.swift */ = {isa = PBXFileReference; lastKnownFileType = sourcecode.swift; path = NewUserViewController.swift; sourceTree = "<group>"; };
		07D3F9E1227BD32A00F655AC /* MyActivityIndicator.swift */ = {isa = PBXFileReference; lastKnownFileType = sourcecode.swift; path = MyActivityIndicator.swift; sourceTree = "<group>"; };
		24A7CD26226262B400F6E7A3 /* AppDelegate.swift */ = {isa = PBXFileReference; lastKnownFileType = sourcecode.swift; path = AppDelegate.swift; sourceTree = "<group>"; };
		24A7CD28226262B400F6E7A3 /* MemoryViewController.swift */ = {isa = PBXFileReference; lastKnownFileType = sourcecode.swift; path = MemoryViewController.swift; sourceTree = "<group>"; };
		24A7CD2B226262B400F6E7A3 /* Base */ = {isa = PBXFileReference; lastKnownFileType = file.storyboard; name = Base; path = Base.lproj/Main.storyboard; sourceTree = "<group>"; };
		24A7CD2D226262B600F6E7A3 /* Assets.xcassets */ = {isa = PBXFileReference; lastKnownFileType = folder.assetcatalog; path = Assets.xcassets; sourceTree = "<group>"; };
		24A7CD30226262B600F6E7A3 /* Base */ = {isa = PBXFileReference; lastKnownFileType = file.storyboard; name = Base; path = Base.lproj/LaunchScreen.storyboard; sourceTree = "<group>"; };
		24A7CD32226262B600F6E7A3 /* Info.plist */ = {isa = PBXFileReference; lastKnownFileType = text.plist.xml; path = Info.plist; sourceTree = "<group>"; };
		24A7CD3B226262B600F6E7A3 /* MemoriesTests.swift */ = {isa = PBXFileReference; lastKnownFileType = sourcecode.swift; path = MemoriesTests.swift; sourceTree = "<group>"; };
		24A7CD3D226262B600F6E7A3 /* Info.plist */ = {isa = PBXFileReference; lastKnownFileType = text.plist.xml; path = Info.plist; sourceTree = "<group>"; };
		24CA30502262AAF200DC7132 /* Memory.swift */ = {isa = PBXFileReference; lastKnownFileType = sourcecode.swift; path = Memory.swift; sourceTree = "<group>"; };
		24CA30562263B09E00DC7132 /* MemoryTableViewCell.swift */ = {isa = PBXFileReference; lastKnownFileType = sourcecode.swift; path = MemoryTableViewCell.swift; sourceTree = "<group>"; };
		24CA30582263B6F400DC7132 /* MemoryTableViewController.swift */ = {isa = PBXFileReference; lastKnownFileType = sourcecode.swift; path = MemoryTableViewController.swift; sourceTree = "<group>"; };
/* End PBXFileReference section */

/* Begin PBXFrameworksBuildPhase section */
		24A7CD20226262B400F6E7A3 /* Frameworks */ = {
			isa = PBXFrameworksBuildPhase;
			buildActionMask = 2147483647;
			files = (
			);
			runOnlyForDeploymentPostprocessing = 0;
		};
		24A7CD34226262B600F6E7A3 /* Frameworks */ = {
			isa = PBXFrameworksBuildPhase;
			buildActionMask = 2147483647;
			files = (
			);
			runOnlyForDeploymentPostprocessing = 0;
		};
/* End PBXFrameworksBuildPhase section */

/* Begin PBXGroup section */
		24A7CD1A226262B400F6E7A3 = {
			isa = PBXGroup;
			children = (
				24A7CD25226262B400F6E7A3 /* Memories */,
				24A7CD3A226262B600F6E7A3 /* MemoriesTests */,
				07928DEF2276046D00A695E9 /* Memories.app */,
				07928DF02276046D00A695E9 /* MemoriesTests.xctest */,
			);
			sourceTree = "<group>";
		};
		24A7CD25226262B400F6E7A3 /* Memories */ = {
			isa = PBXGroup;
			children = (
				24A7CD26226262B400F6E7A3 /* AppDelegate.swift */,
				24A7CD28226262B400F6E7A3 /* MemoryViewController.swift */,
				07928DF12276140200A695E9 /* LoginViewController.swift */,
				24CA30502262AAF200DC7132 /* Memory.swift */,
				24CA30562263B09E00DC7132 /* MemoryTableViewCell.swift */,
				24CA30582263B6F400DC7132 /* MemoryTableViewController.swift */,
				07D3F9E1227BD32A00F655AC /* MyActivityIndicator.swift */,
				24A7CD2A226262B400F6E7A3 /* Main.storyboard */,
				07928DF322762B8A00A695E9 /* NewUserViewController.swift */,
				24A7CD2D226262B600F6E7A3 /* Assets.xcassets */,
				24A7CD2F226262B600F6E7A3 /* LaunchScreen.storyboard */,
				24A7CD32226262B600F6E7A3 /* Info.plist */,
			);
			path = Memories;
			sourceTree = "<group>";
		};
		24A7CD3A226262B600F6E7A3 /* MemoriesTests */ = {
			isa = PBXGroup;
			children = (
				24A7CD3B226262B600F6E7A3 /* MemoriesTests.swift */,
				24A7CD3D226262B600F6E7A3 /* Info.plist */,
			);
			path = MemoriesTests;
			sourceTree = "<group>";
		};
/* End PBXGroup section */

/* Begin PBXNativeTarget section */
		24A7CD22226262B400F6E7A3 /* Memories */ = {
			isa = PBXNativeTarget;
			buildConfigurationList = 24A7CD40226262B600F6E7A3 /* Build configuration list for PBXNativeTarget "Memories" */;
			buildPhases = (
				24A7CD1F226262B400F6E7A3 /* Sources */,
				24A7CD20226262B400F6E7A3 /* Frameworks */,
				24A7CD21226262B400F6E7A3 /* Resources */,
			);
			buildRules = (
			);
			dependencies = (
			);
			name = Memories;
			productName = Contacts;
			productReference = 07928DEF2276046D00A695E9 /* Memories.app */;
			productType = "com.apple.product-type.application";
		};
		24A7CD36226262B600F6E7A3 /* MemoriesTests */ = {
			isa = PBXNativeTarget;
			buildConfigurationList = 24A7CD43226262B600F6E7A3 /* Build configuration list for PBXNativeTarget "MemoriesTests" */;
			buildPhases = (
				24A7CD33226262B600F6E7A3 /* Sources */,
				24A7CD34226262B600F6E7A3 /* Frameworks */,
				24A7CD35226262B600F6E7A3 /* Resources */,
			);
			buildRules = (
			);
			dependencies = (
				24A7CD39226262B600F6E7A3 /* PBXTargetDependency */,
			);
			name = MemoriesTests;
			productName = ContactsTests;
			productReference = 07928DF02276046D00A695E9 /* MemoriesTests.xctest */;
			productType = "com.apple.product-type.bundle.unit-test";
		};
/* End PBXNativeTarget section */

/* Begin PBXProject section */
		24A7CD1B226262B400F6E7A3 /* Project object */ = {
			isa = PBXProject;
			attributes = {
				LastSwiftUpdateCheck = 1020;
				LastUpgradeCheck = 1020;
				ORGANIZATIONNAME = "Chris Ward";
				TargetAttributes = {
					24A7CD22226262B400F6E7A3 = {
						CreatedOnToolsVersion = 10.2;
					};
					24A7CD36226262B600F6E7A3 = {
						CreatedOnToolsVersion = 10.2;
						TestTargetID = 24A7CD22226262B400F6E7A3;
					};
				};
			};
			buildConfigurationList = 24A7CD1E226262B400F6E7A3 /* Build configuration list for PBXProject "Memories" */;
			compatibilityVersion = "Xcode 9.3";
			developmentRegion = en;
			hasScannedForEncodings = 0;
			knownRegions = (
				en,
				Base,
			);
			mainGroup = 24A7CD1A226262B400F6E7A3;
			productRefGroup = 24A7CD1A226262B400F6E7A3;
			projectDirPath = "";
			projectRoot = "";
			targets = (
				24A7CD22226262B400F6E7A3 /* Memories */,
				24A7CD36226262B600F6E7A3 /* MemoriesTests */,
			);
		};
/* End PBXProject section */

/* Begin PBXResourcesBuildPhase section */
		24A7CD21226262B400F6E7A3 /* Resources */ = {
			isa = PBXResourcesBuildPhase;
			buildActionMask = 2147483647;
			files = (
				24A7CD31226262B600F6E7A3 /* LaunchScreen.storyboard in Resources */,
				24A7CD2E226262B600F6E7A3 /* Assets.xcassets in Resources */,
				24A7CD2C226262B400F6E7A3 /* Main.storyboard in Resources */,
			);
			runOnlyForDeploymentPostprocessing = 0;
		};
		24A7CD35226262B600F6E7A3 /* Resources */ = {
			isa = PBXResourcesBuildPhase;
			buildActionMask = 2147483647;
			files = (
			);
			runOnlyForDeploymentPostprocessing = 0;
		};
/* End PBXResourcesBuildPhase section */

/* Begin PBXSourcesBuildPhase section */
		24A7CD1F226262B400F6E7A3 /* Sources */ = {
			isa = PBXSourcesBuildPhase;
			buildActionMask = 2147483647;
			files = (
				07928DF22276140200A695E9 /* LoginViewController.swift in Sources */,
				24CA30512262AAF200DC7132 /* Memory.swift in Sources */,
				24CA30572263B09E00DC7132 /* MemoryTableViewCell.swift in Sources */,
				24CA30592263B6F400DC7132 /* MemoryTableViewController.swift in Sources */,
				07D3F9E2227BD32B00F655AC /* MyActivityIndicator.swift in Sources */,
				24A7CD29226262B400F6E7A3 /* MemoryViewController.swift in Sources */,
				24A7CD27226262B400F6E7A3 /* AppDelegate.swift in Sources */,
				07928DF422762B8A00A695E9 /* NewUserViewController.swift in Sources */,
			);
			runOnlyForDeploymentPostprocessing = 0;
		};
		24A7CD33226262B600F6E7A3 /* Sources */ = {
			isa = PBXSourcesBuildPhase;
			buildActionMask = 2147483647;
			files = (
				24A7CD3C226262B600F6E7A3 /* MemoriesTests.swift in Sources */,
			);
			runOnlyForDeploymentPostprocessing = 0;
		};
/* End PBXSourcesBuildPhase section */

/* Begin PBXTargetDependency section */
		24A7CD39226262B600F6E7A3 /* PBXTargetDependency */ = {
			isa = PBXTargetDependency;
			target = 24A7CD22226262B400F6E7A3 /* Memories */;
			targetProxy = 24A7CD38226262B600F6E7A3 /* PBXContainerItemProxy */;
		};
/* End PBXTargetDependency section */

/* Begin PBXVariantGroup section */
		24A7CD2A226262B400F6E7A3 /* Main.storyboard */ = {
			isa = PBXVariantGroup;
			children = (
				24A7CD2B226262B400F6E7A3 /* Base */,
			);
			name = Main.storyboard;
			sourceTree = "<group>";
		};
		24A7CD2F226262B600F6E7A3 /* LaunchScreen.storyboard */ = {
			isa = PBXVariantGroup;
			children = (
				24A7CD30226262B600F6E7A3 /* Base */,
			);
			name = LaunchScreen.storyboard;
			sourceTree = "<group>";
		};
/* End PBXVariantGroup section */

/* Begin XCBuildConfiguration section */
		24A7CD3E226262B600F6E7A3 /* Debug */ = {
			isa = XCBuildConfiguration;
			buildSettings = {
				ALWAYS_SEARCH_USER_PATHS = NO;
				CLANG_ANALYZER_NONNULL = YES;
				CLANG_ANALYZER_NUMBER_OBJECT_CONVERSION = YES_AGGRESSIVE;
				CLANG_CXX_LANGUAGE_STANDARD = "gnu++14";
				CLANG_CXX_LIBRARY = "libc++";
				CLANG_ENABLE_MODULES = YES;
				CLANG_ENABLE_OBJC_ARC = YES;
				CLANG_ENABLE_OBJC_WEAK = YES;
				CLANG_WARN_BLOCK_CAPTURE_AUTORELEASING = YES;
				CLANG_WARN_BOOL_CONVERSION = YES;
				CLANG_WARN_COMMA = YES;
				CLANG_WARN_CONSTANT_CONVERSION = YES;
				CLANG_WARN_DEPRECATED_OBJC_IMPLEMENTATIONS = YES;
				CLANG_WARN_DIRECT_OBJC_ISA_USAGE = YES_ERROR;
				CLANG_WARN_DOCUMENTATION_COMMENTS = YES;
				CLANG_WARN_EMPTY_BODY = YES;
				CLANG_WARN_ENUM_CONVERSION = YES;
				CLANG_WARN_INFINITE_RECURSION = YES;
				CLANG_WARN_INT_CONVERSION = YES;
				CLANG_WARN_NON_LITERAL_NULL_CONVERSION = YES;
				CLANG_WARN_OBJC_IMPLICIT_RETAIN_SELF = YES;
				CLANG_WARN_OBJC_LITERAL_CONVERSION = YES;
				CLANG_WARN_OBJC_ROOT_CLASS = YES_ERROR;
				CLANG_WARN_RANGE_LOOP_ANALYSIS = YES;
				CLANG_WARN_STRICT_PROTOTYPES = YES;
				CLANG_WARN_SUSPICIOUS_MOVE = YES;
				CLANG_WARN_UNGUARDED_AVAILABILITY = YES_AGGRESSIVE;
				CLANG_WARN_UNREACHABLE_CODE = YES;
				CLANG_WARN__DUPLICATE_METHOD_MATCH = YES;
				CODE_SIGN_IDENTITY = "iPhone Developer";
				COPY_PHASE_STRIP = NO;
				DEBUG_INFORMATION_FORMAT = dwarf;
				ENABLE_STRICT_OBJC_MSGSEND = YES;
				ENABLE_TESTABILITY = YES;
				GCC_C_LANGUAGE_STANDARD = gnu11;
				GCC_DYNAMIC_NO_PIC = NO;
				GCC_NO_COMMON_BLOCKS = YES;
				GCC_OPTIMIZATION_LEVEL = 0;
				GCC_PREPROCESSOR_DEFINITIONS = (
					"DEBUG=1",
					"$(inherited)",
				);
				GCC_WARN_64_TO_32_BIT_CONVERSION = YES;
				GCC_WARN_ABOUT_RETURN_TYPE = YES_ERROR;
				GCC_WARN_UNDECLARED_SELECTOR = YES;
				GCC_WARN_UNINITIALIZED_AUTOS = YES_AGGRESSIVE;
				GCC_WARN_UNUSED_FUNCTION = YES;
				GCC_WARN_UNUSED_VARIABLE = YES;
				IPHONEOS_DEPLOYMENT_TARGET = 12.1;
				MTL_ENABLE_DEBUG_INFO = INCLUDE_SOURCE;
				MTL_FAST_MATH = YES;
				ONLY_ACTIVE_ARCH = YES;
				SDKROOT = iphoneos;
				SWIFT_ACTIVE_COMPILATION_CONDITIONS = DEBUG;
				SWIFT_OPTIMIZATION_LEVEL = "-Onone";
			};
			name = Debug;
		};
		24A7CD3F226262B600F6E7A3 /* Release */ = {
			isa = XCBuildConfiguration;
			buildSettings = {
				ALWAYS_SEARCH_USER_PATHS = NO;
				CLANG_ANALYZER_NONNULL = YES;
				CLANG_ANALYZER_NUMBER_OBJECT_CONVERSION = YES_AGGRESSIVE;
				CLANG_CXX_LANGUAGE_STANDARD = "gnu++14";
				CLANG_CXX_LIBRARY = "libc++";
				CLANG_ENABLE_MODULES = YES;
				CLANG_ENABLE_OBJC_ARC = YES;
				CLANG_ENABLE_OBJC_WEAK = YES;
				CLANG_WARN_BLOCK_CAPTURE_AUTORELEASING = YES;
				CLANG_WARN_BOOL_CONVERSION = YES;
				CLANG_WARN_COMMA = YES;
				CLANG_WARN_CONSTANT_CONVERSION = YES;
				CLANG_WARN_DEPRECATED_OBJC_IMPLEMENTATIONS = YES;
				CLANG_WARN_DIRECT_OBJC_ISA_USAGE = YES_ERROR;
				CLANG_WARN_DOCUMENTATION_COMMENTS = YES;
				CLANG_WARN_EMPTY_BODY = YES;
				CLANG_WARN_ENUM_CONVERSION = YES;
				CLANG_WARN_INFINITE_RECURSION = YES;
				CLANG_WARN_INT_CONVERSION = YES;
				CLANG_WARN_NON_LITERAL_NULL_CONVERSION = YES;
				CLANG_WARN_OBJC_IMPLICIT_RETAIN_SELF = YES;
				CLANG_WARN_OBJC_LITERAL_CONVERSION = YES;
				CLANG_WARN_OBJC_ROOT_CLASS = YES_ERROR;
				CLANG_WARN_RANGE_LOOP_ANALYSIS = YES;
				CLANG_WARN_STRICT_PROTOTYPES = YES;
				CLANG_WARN_SUSPICIOUS_MOVE = YES;
				CLANG_WARN_UNGUARDED_AVAILABILITY = YES_AGGRESSIVE;
				CLANG_WARN_UNREACHABLE_CODE = YES;
				CLANG_WARN__DUPLICATE_METHOD_MATCH = YES;
				CODE_SIGN_IDENTITY = "iPhone Developer";
				COPY_PHASE_STRIP = NO;
				DEBUG_INFORMATION_FORMAT = "dwarf-with-dsym";
				ENABLE_NS_ASSERTIONS = NO;
				ENABLE_STRICT_OBJC_MSGSEND = YES;
				GCC_C_LANGUAGE_STANDARD = gnu11;
				GCC_NO_COMMON_BLOCKS = YES;
				GCC_WARN_64_TO_32_BIT_CONVERSION = YES;
				GCC_WARN_ABOUT_RETURN_TYPE = YES_ERROR;
				GCC_WARN_UNDECLARED_SELECTOR = YES;
				GCC_WARN_UNINITIALIZED_AUTOS = YES_AGGRESSIVE;
				GCC_WARN_UNUSED_FUNCTION = YES;
				GCC_WARN_UNUSED_VARIABLE = YES;
				IPHONEOS_DEPLOYMENT_TARGET = 12.1;
				MTL_ENABLE_DEBUG_INFO = NO;
				MTL_FAST_MATH = YES;
				SDKROOT = iphoneos;
				SWIFT_COMPILATION_MODE = wholemodule;
				SWIFT_OPTIMIZATION_LEVEL = "-O";
				VALIDATE_PRODUCT = YES;
			};
			name = Release;
		};
		24A7CD41226262B600F6E7A3 /* Debug */ = {
			isa = XCBuildConfiguration;
			buildSettings = {
				ASSETCATALOG_COMPILER_APPICON_NAME = AppIcon;
				CODE_SIGN_STYLE = Automatic;
				DEVELOPMENT_TEAM = 3KSBAF6P7H;
				INFOPLIST_FILE = "$(SRCROOT)/Memories/Info.plist";
				IPHONEOS_DEPLOYMENT_TARGET = 12.1;
				LD_RUNPATH_SEARCH_PATHS = (
					"$(inherited)",
					"@executable_path/Frameworks",
				);
				PRODUCT_BUNDLE_IDENTIFIER = com.AppleTutorial.Movies;
				PRODUCT_NAME = "$(TARGET_NAME)";
				SWIFT_VERSION = 4.2;
				TARGETED_DEVICE_FAMILY = "1,2";
			};
			name = Debug;
		};
		24A7CD42226262B600F6E7A3 /* Release */ = {
			isa = XCBuildConfiguration;
			buildSettings = {
				ASSETCATALOG_COMPILER_APPICON_NAME = AppIcon;
				CODE_SIGN_STYLE = Automatic;
				DEVELOPMENT_TEAM = 3KSBAF6P7H;
				INFOPLIST_FILE = "$(SRCROOT)/Memories/Info.plist";
				IPHONEOS_DEPLOYMENT_TARGET = 12.1;
				LD_RUNPATH_SEARCH_PATHS = (
					"$(inherited)",
					"@executable_path/Frameworks",
				);
				PRODUCT_BUNDLE_IDENTIFIER = com.AppleTutorial.Movies;
				PRODUCT_NAME = "$(TARGET_NAME)";
				SWIFT_VERSION = 4.2;
				TARGETED_DEVICE_FAMILY = "1,2";
			};
			name = Release;
		};
		24A7CD44226262B600F6E7A3 /* Debug */ = {
			isa = XCBuildConfiguration;
			buildSettings = {
				ALWAYS_EMBED_SWIFT_STANDARD_LIBRARIES = YES;
				BUNDLE_LOADER = "$(TEST_HOST)";
				CODE_SIGN_STYLE = Automatic;
				DEVELOPMENT_TEAM = 9MCYT8S6L8;
				INFOPLIST_FILE = ContactsTests/Info.plist;
				IPHONEOS_DEPLOYMENT_TARGET = 12.1;
				LD_RUNPATH_SEARCH_PATHS = (
					"$(inherited)",
					"@executable_path/Frameworks",
					"@loader_path/Frameworks",
				);
				PRODUCT_BUNDLE_IDENTIFIER = com.example.ContactsTests;
				PRODUCT_NAME = "$(TARGET_NAME)";
				SWIFT_VERSION = 5.0;
				TARGETED_DEVICE_FAMILY = "1,2";
				TEST_HOST = "$(BUILT_PRODUCTS_DIR)/Movies.app/Movies";
			};
			name = Debug;
		};
		24A7CD45226262B600F6E7A3 /* Release */ = {
			isa = XCBuildConfiguration;
			buildSettings = {
				ALWAYS_EMBED_SWIFT_STANDARD_LIBRARIES = YES;
				BUNDLE_LOADER = "$(TEST_HOST)";
				CODE_SIGN_STYLE = Automatic;
				DEVELOPMENT_TEAM = 9MCYT8S6L8;
				INFOPLIST_FILE = ContactsTests/Info.plist;
				IPHONEOS_DEPLOYMENT_TARGET = 12.1;
				LD_RUNPATH_SEARCH_PATHS = (
					"$(inherited)",
					"@executable_path/Frameworks",
					"@loader_path/Frameworks",
				);
				PRODUCT_BUNDLE_IDENTIFIER = com.example.ContactsTests;
				PRODUCT_NAME = "$(TARGET_NAME)";
				SWIFT_VERSION = 5.0;
				TARGETED_DEVICE_FAMILY = "1,2";
				TEST_HOST = "$(BUILT_PRODUCTS_DIR)/Movies.app/Movies";
			};
			name = Release;
		};
/* End XCBuildConfiguration section */

/* Begin XCConfigurationList section */
		24A7CD1E226262B400F6E7A3 /* Build configuration list for PBXProject "Memories" */ = {
			isa = XCConfigurationList;
			buildConfigurations = (
				24A7CD3E226262B600F6E7A3 /* Debug */,
				24A7CD3F226262B600F6E7A3 /* Release */,
			);
			defaultConfigurationIsVisible = 0;
			defaultConfigurationName = Release;
		};
		24A7CD40226262B600F6E7A3 /* Build configuration list for PBXNativeTarget "Memories" */ = {
			isa = XCConfigurationList;
			buildConfigurations = (
				24A7CD41226262B600F6E7A3 /* Debug */,
				24A7CD42226262B600F6E7A3 /* Release */,
			);
			defaultConfigurationIsVisible = 0;
			defaultConfigurationName = Release;
		};
		24A7CD43226262B600F6E7A3 /* Build configuration list for PBXNativeTarget "MemoriesTests" */ = {
			isa = XCConfigurationList;
			buildConfigurations = (
				24A7CD44226262B600F6E7A3 /* Debug */,
				24A7CD45226262B600F6E7A3 /* Release */,
			);
			defaultConfigurationIsVisible = 0;
			defaultConfigurationName = Release;
		};
/* End XCConfigurationList section */
	};
	rootObject = 24A7CD1B226262B400F6E7A3 /* Project object */;
}
